
Microsoft Visual Studio Solution File, Format Version 12.00
# Visual Studio Version 17
VisualStudioVersion = 17.9.34728.123
MinimumVisualStudioVersion = 10.0.40219.1
Project("{8BC9CEB8-8B4A-11D0-8D11-00A0C91BC942}") = "ClientHelper", "DedicatedServer\DedicatedServer.vcxproj", "{0E56CBD2-6280-4E3E-B115-4DD3CAD9F0B6}"
EndProject
Global
	GlobalSection(SolutionConfigurationPlatforms) = preSolution
		Client|Any CPU = Client|Any CPU
		Client|x64 = Client|x64
		Client|x86 = Client|x86
		Debug|Any CPU = Debug|Any CPU
		Debug|x64 = Debug|x64
		Debug|x86 = Debug|x86
		Dedicated|Any CPU = Dedicated|Any CPU
		Dedicated|x64 = Dedicated|x64
		Dedicated|x86 = Dedicated|x86
		Release|Any CPU = Release|Any CPU
		Release|x64 = Release|x64
		Release|x86 = Release|x86
	EndGlobalSection
	GlobalSection(ProjectConfigurationPlatforms) = postSolution
		{0E56CBD2-6280-4E3E-B115-4DD3CAD9F0B6}.Client|Any CPU.ActiveCfg = Client|x64
		{0E56CBD2-6280-4E3E-B115-4DD3CAD9F0B6}.Client|Any CPU.Build.0 = Client|x64
		{0E56CBD2-6280-4E3E-B115-4DD3CAD9F0B6}.Client|x64.ActiveCfg = Client|x64
		{0E56CBD2-6280-4E3E-B115-4DD3CAD9F0B6}.Client|x64.Build.0 = Client|x64
		{0E56CBD2-6280-4E3E-B115-4DD3CAD9F0B6}.Client|x86.ActiveCfg = Client|Win32
		{0E56CBD2-6280-4E3E-B115-4DD3CAD9F0B6}.Client|x86.Build.0 = Client|Win32
		{0E56CBD2-6280-4E3E-B115-4DD3CAD9F0B6}.Debug|Any CPU.ActiveCfg = Debug|x64
		{0E56CBD2-6280-4E3E-B115-4DD3CAD9F0B6}.Debug|Any CPU.Build.0 = Debug|x64
		{0E56CBD2-6280-4E3E-B115-4DD3CAD9F0B6}.Debug|x64.ActiveCfg = Debug|x64
		{0E56CBD2-6280-4E3E-B115-4DD3CAD9F0B6}.Debug|x64.Build.0 = Debug|x64
		{0E56CBD2-6280-4E3E-B115-4DD3CAD9F0B6}.Debug|x86.ActiveCfg = Debug|Win32
		{0E56CBD2-6280-4E3E-B115-4DD3CAD9F0B6}.Debug|x86.Build.0 = Debug|Win32
		{0E56CBD2-6280-4E3E-B115-4DD3CAD9F0B6}.Dedicated|Any CPU.ActiveCfg = Dedicated|x64
		{0E56CBD2-6280-4E3E-B115-4DD3CAD9F0B6}.Dedicated|Any CPU.Build.0 = Dedicated|x64
		{0E56CBD2-6280-4E3E-B115-4DD3CAD9F0B6}.Dedicated|x64.ActiveCfg = Dedicated|x64
		{0E56CBD2-6280-4E3E-B115-4DD3CAD9F0B6}.Dedicated|x64.Build.0 = Dedicated|x64
		{0E56CBD2-6280-4E3E-B115-4DD3CAD9F0B6}.Dedicated|x86.ActiveCfg = Dedicated|Win32
		{0E56CBD2-6280-4E3E-B115-4DD3CAD9F0B6}.Dedicated|x86.Build.0 = Dedicated|Win32
		{0E56CBD2-6280-4E3E-B115-4DD3CAD9F0B6}.Release|Any CPU.ActiveCfg = Release|x64
		{0E56CBD2-6280-4E3E-B115-4DD3CAD9F0B6}.Release|Any CPU.Build.0 = Release|x64
		{0E56CBD2-6280-4E3E-B115-4DD3CAD9F0B6}.Release|x64.ActiveCfg = Release|x64
		{0E56CBD2-6280-4E3E-B115-4DD3CAD9F0B6}.Release|x64.Build.0 = Release|x64
		{0E56CBD2-6280-4E3E-B115-4DD3CAD9F0B6}.Release|x86.ActiveCfg = Release|Win32
		{0E56CBD2-6280-4E3E-B115-4DD3CAD9F0B6}.Release|x86.Build.0 = Release|Win32
	EndGlobalSection
	GlobalSection(SolutionProperties) = preSolution
		HideSolutionNode = FALSE
	EndGlobalSection
	GlobalSection(ExtensibilityGlobals) = postSolution
		SolutionGuid = {4BA0B357-326F-47F4-806C-78E081074776}
	EndGlobalSection
EndGlobal
